
Microsoft Visual Studio Solution File, Format Version 11.00
# Visual Studio 2010
Project("{8BC9CEB8-8B4A-11D0-8D11-00A0C91BC942}") = "UdtProtocol", "UdtProtocol\UdtProtocol.vcxproj", "{CFA7453B-8B9B-4112-AF04-F72C3D431100}"
	ProjectSection(ProjectDependencies) = postProject
		{D84D100A-7C21-4CCB-B16E-0FB37137C16C} = {D84D100A-7C21-4CCB-B16E-0FB37137C16C}
	EndProjectSection
EndProject
Project("{FAE04EC0-301F-11D3-BF4B-00C04F79EFBC}") = "SendFile", "SendFile\SendFile.csproj", "{1C83D005-06B3-4FC5-8A26-032A0B328838}"
EndProject
Project("{FAE04EC0-301F-11D3-BF4B-00C04F79EFBC}") = "ReceiveFile", "ReceiveFile\ReceiveFile.csproj", "{DAC18D1F-F3F2-454A-B386-365D9CF53470}"
EndProject
Project("{FAE04EC0-301F-11D3-BF4B-00C04F79EFBC}") = "UdtProtocol-Test", "UdtProtocol-Test\UdtProtocol-Test.csproj", "{CF9918BA-989A-463B-BC64-02593041C9DD}"
EndProject
Project("{8BC9CEB8-8B4A-11D0-8D11-00A0C91BC942}") = "udt", "..\udt.sdk.4.8.win32\udt4\win\udt.vcxproj", "{D84D100A-7C21-4CCB-B16E-0FB37137C16C}"
EndProject
Global
	GlobalSection(SolutionConfigurationPlatforms) = preSolution
		Debug|Win32 = Debug|Win32
		Release|Win32 = Release|Win32
	EndGlobalSection
	GlobalSection(ProjectConfigurationPlatforms) = postSolution
		{CFA7453B-8B9B-4112-AF04-F72C3D431100}.Debug|Win32.ActiveCfg = Debug|Win32
		{CFA7453B-8B9B-4112-AF04-F72C3D431100}.Debug|Win32.Build.0 = Debug|Win32
		{CFA7453B-8B9B-4112-AF04-F72C3D431100}.Release|Win32.ActiveCfg = Release|Win32
		{CFA7453B-8B9B-4112-AF04-F72C3D431100}.Release|Win32.Build.0 = Release|Win32
		{1C83D005-06B3-4FC5-8A26-032A0B328838}.Debug|Win32.ActiveCfg = Debug|x86
		{1C83D005-06B3-4FC5-8A26-032A0B328838}.Debug|Win32.Build.0 = Debug|x86
		{1C83D005-06B3-4FC5-8A26-032A0B328838}.Release|Win32.ActiveCfg = Release|x86
		{1C83D005-06B3-4FC5-8A26-032A0B328838}.Release|Win32.Build.0 = Release|x86
		{DAC18D1F-F3F2-454A-B386-365D9CF53470}.Debug|Win32.ActiveCfg = Debug|x86
		{DAC18D1F-F3F2-454A-B386-365D9CF53470}.Debug|Win32.Build.0 = Debug|x86
		{DAC18D1F-F3F2-454A-B386-365D9CF53470}.Release|Win32.ActiveCfg = Release|x86
		{DAC18D1F-F3F2-454A-B386-365D9CF53470}.Release|Win32.Build.0 = Release|x86
		{CF9918BA-989A-463B-BC64-02593041C9DD}.Debug|Win32.ActiveCfg = Debug|x86
		{CF9918BA-989A-463B-BC64-02593041C9DD}.Debug|Win32.Build.0 = Debug|x86
		{CF9918BA-989A-463B-BC64-02593041C9DD}.Release|Win32.ActiveCfg = Release|x86
		{CF9918BA-989A-463B-BC64-02593041C9DD}.Release|Win32.Build.0 = Release|x86
		{D84D100A-7C21-4CCB-B16E-0FB37137C16C}.Debug|Win32.ActiveCfg = Debug|Win32
		{D84D100A-7C21-4CCB-B16E-0FB37137C16C}.Debug|Win32.Build.0 = Debug|Win32
		{D84D100A-7C21-4CCB-B16E-0FB37137C16C}.Release|Win32.ActiveCfg = Release|Win32
		{D84D100A-7C21-4CCB-B16E-0FB37137C16C}.Release|Win32.Build.0 = Release|Win32
	EndGlobalSection
	GlobalSection(SolutionProperties) = preSolution
		HideSolutionNode = FALSE
	EndGlobalSection
EndGlobal
